
Microsoft Visual Studio Solution File, Format Version 12.00
# Visual Studio Version 17
VisualStudioVersion = 17.1.32421.90
MinimumVisualStudioVersion = 10.0.40219.1
Project("{FAE04EC0-301F-11D3-BF4B-00C04F79EFBC}") = "Academia", "Academia.csproj", "{8553C855-25C7-42C3-8853-B4D23DE4949D}"
EndProject
Project("{54435603-DBB4-11D2-8724-00A0C9A8B90C}") = "Instalador_Academia", "..\..\..\..\Instalador_Academia.vdproj", "{6CF9FDAF-64E0-4C94-890C-B991F49E9769}"
EndProject
Global
	GlobalSection(SolutionConfigurationPlatforms) = preSolution
		Debug|Any CPU = Debug|Any CPU
		Release|Any CPU = Release|Any CPU
	EndGlobalSection
	GlobalSection(ProjectConfigurationPlatforms) = postSolution
		{8553C855-25C7-42C3-8853-B4D23DE4949D}.Debug|Any CPU.ActiveCfg = Debug|Any CPU
		{8553C855-25C7-42C3-8853-B4D23DE4949D}.Debug|Any CPU.Build.0 = Debug|Any CPU
		{8553C855-25C7-42C3-8853-B4D23DE4949D}.Release|Any CPU.ActiveCfg = Release|Any CPU
		{8553C855-25C7-42C3-8853-B4D23DE4949D}.Release|Any CPU.Build.0 = Release|Any CPU
		{6CF9FDAF-64E0-4C94-890C-B991F49E9769}.Debug|Any CPU.ActiveCfg = Debug
		{6CF9FDAF-64E0-4C94-890C-B991F49E9769}.Release|Any CPU.ActiveCfg = Release
	EndGlobalSection
	GlobalSection(SolutionProperties) = preSolution
		HideSolutionNode = FALSE
	EndGlobalSection
	GlobalSection(ExtensibilityGlobals) = postSolution
		SolutionGuid = {09FC46C4-10A6-42CA-A3ED-F95C20DC9E13}
	EndGlobalSection
EndGlobal
